
Microsoft Visual Studio Solution File, Format Version 12.00
# Visual Studio Version 16
VisualStudioVersion = 16.0.30413.136
MinimumVisualStudioVersion = 10.0.40219.1
Project("{888888A0-9F3D-457C-B088-3A5042F75D52}") = "BJ_PA_Exercice01", "BJ_PA_Exercice01\BJ_PA_Exercice01.pyproj", "{B5CF9CD2-7FB7-4D60-8E91-67773602413C}"
EndProject
Global
	GlobalSection(SolutionConfigurationPlatforms) = preSolution
		Debug|Any CPU = Debug|Any CPU
		Release|Any CPU = Release|Any CPU
	EndGlobalSection
	GlobalSection(ProjectConfigurationPlatforms) = postSolution
		{B5CF9CD2-7FB7-4D60-8E91-67773602413C}.Debug|Any CPU.ActiveCfg = Debug|Any CPU
		{B5CF9CD2-7FB7-4D60-8E91-67773602413C}.Release|Any CPU.ActiveCfg = Release|Any CPU
	EndGlobalSection
	GlobalSection(SolutionProperties) = preSolution
		HideSolutionNode = FALSE
	EndGlobalSection
	GlobalSection(ExtensibilityGlobals) = postSolution
		SolutionGuid = {BDC3F230-DB13-4133-BF5C-0EDED7A4C872}
	EndGlobalSection
EndGlobal
